
Microsoft Visual Studio Solution File, Format Version 12.00
# Visual Studio Version 17
VisualStudioVersion = 17.9.34616.47
MinimumVisualStudioVersion = 10.0.40219.1
Project("{FAE04EC0-301F-11D3-BF4B-00C04F79EFBC}") = "keysmile", "keysmile\keysmile.csproj", "{4BF487D1-F024-4DCF-8B80-38849A4DB914}"
EndProject
Global
	GlobalSection(SolutionConfigurationPlatforms) = preSolution
		Debug|Any CPU = Debug|Any CPU
		Release|Any CPU = Release|Any CPU
	EndGlobalSection
	GlobalSection(ProjectConfigurationPlatforms) = postSolution
		{4BF487D1-F024-4DCF-8B80-38849A4DB914}.Debug|Any CPU.ActiveCfg = Debug|Any CPU
		{4BF487D1-F024-4DCF-8B80-38849A4DB914}.Debug|Any CPU.Build.0 = Debug|Any CPU
		{4BF487D1-F024-4DCF-8B80-38849A4DB914}.Release|Any CPU.ActiveCfg = Release|Any CPU
		{4BF487D1-F024-4DCF-8B80-38849A4DB914}.Release|Any CPU.Build.0 = Release|Any CPU
	EndGlobalSection
	GlobalSection(SolutionProperties) = preSolution
		HideSolutionNode = FALSE
	EndGlobalSection
	GlobalSection(ExtensibilityGlobals) = postSolution
		SolutionGuid = {BF06EB0F-D79A-43B0-ABF3-CB1062A5BE01}
	EndGlobalSection
EndGlobal
